<?xml version="1.0" encoding="utf-8"?>
<Project ToolsVersion="4.0" xmlns="http://schemas.microsoft.com/developer/msbuild/2003">
  <ItemGroup>
    <Filter Include="소스 파일">
      <UniqueIdentifier>{4FC737F1-C7A5-4376-A066-2A32D752A2FF}</UniqueIdentifier>
      <Extensions>cpp;c;cc;cxx;c++;cppm;ixx;def;odl;idl;hpj;bat;asm;asmx</Extensions>
    </Filter>
    <Filter Include="헤더 파일">
      <UniqueIdentifier>{93995380-89BD-4b04-88EB-625FBE52EBFB}</UniqueIdentifier>
      <Extensions>h;hh;hpp;hxx;h++;hm;inl;inc;ipp;xsd</Extensions>
    </Filter>
    <Filter Include="리소스 파일">
      <UniqueIdentifier>{67DA6AB6-F800-4c08-8B7A-83BB121AAD01}</UniqueIdentifier>
      <Extensions>rc;ico;cur;bmp;dlg;rc2;rct;bin;rgs;gif;jpg;jpeg;jpe;resx;tiff;tif;png;wav;mfcribbon-ms</Extensions>
    </Filter>
  </ItemGroup>
  <ItemGroup>
    <ClCompile Include="001_Solution.cpp">
      <Filter>소스 파일</Filter>
    </ClCompile>
    <ClCompile Include="002_SimpleIf.cpp">
      <Filter>소스 파일</Filter>
    </ClCompile>
    <ClCompile Include="003_IfElse.cpp">
      <Filter>소스 파일</Filter>
    </ClCompile>
    <ClCompile Include="004_IfElseIfElse.cpp">
      <Filter>소스 파일</Filter>
    </ClCompile>
    <ClCompile Include="005_BadIfElseExample.cpp">
      <Filter>소스 파일</Filter>
    </ClCompile>
    <ClCompile Include="006_GoodIfElseExample.cpp">
      <Filter>소스 파일</Filter>
    </ClCompile>
    <ClCompile Include="007_GradeClassification.cpp">
      <Filter>소스 파일</Filter>
    </ClCompile>
    <ClCompile Include="008_WeatherGoOutDecision.cpp">
      <Filter>소스 파일</Filter>
    </ClCompile>
    <ClCompile Include="009_Sum1To10.cpp">
      <Filter>소스 파일</Filter>
    </ClCompile>
    <ClCompile Include="010_Print5To1.cpp">
      <Filter>소스 파일</Filter>
    </ClCompile>
    <ClCompile Include="011_MultiplesOf3.cpp">
      <Filter>소스 파일</Filter>
    </ClCompile>
    <ClCompile Include="012_RightAlignedTriangle.cpp">
      <Filter>소스 파일</Filter>
    </ClCompile>
    <ClCompile Include="013_UserInputExit.cpp">
      <Filter>소스 파일</Filter>
    </ClCompile>
    <ClCompile Include="014_GameLoop.cpp">
      <Filter>소스 파일</Filter>
    </ClCompile>
  </ItemGroup>
  <ItemGroup>
    <ClInclude Include="002_SimpleIf.h">
      <Filter>헤더 파일</Filter>
    </ClInclude>
    <ClInclude Include="003_IfElse.h">
      <Filter>헤더 파일</Filter>
    </ClInclude>
    <ClInclude Include="004_IfElseIfElse.h">
      <Filter>헤더 파일</Filter>
    </ClInclude>
    <ClInclude Include="005_BadIfElseExample.h">
      <Filter>헤더 파일</Filter>
    </ClInclude>
    <ClInclude Include="006_GoodIfElseExample.h">
      <Filter>헤더 파일</Filter>
    </ClInclude>
    <ClInclude Include="007_GradeClassification.h">
      <Filter>헤더 파일</Filter>
    </ClInclude>
    <ClInclude Include="008_WeatherGoOutDecision.h">
      <Filter>헤더 파일</Filter>
    </ClInclude>
    <ClInclude Include="009_Sum1To10.h">
      <Filter>헤더 파일</Filter>
    </ClInclude>
    <ClInclude Include="010_Print5To1.h">
      <Filter>헤더 파일</Filter>
    </ClInclude>
    <ClInclude Include="011_MultiplesOf3.h">
      <Filter>헤더 파일</Filter>
    </ClInclude>
    <ClInclude Include="012_RightAlignedTriangle.h">
      <Filter>헤더 파일</Filter>
    </ClInclude>
    <ClInclude Include="013_UserInputExit.h">
      <Filter>헤더 파일</Filter>
    </ClInclude>
    <ClInclude Include="014_GameLoop.h">
      <Filter>헤더 파일</Filter>
    </ClInclude>
  </ItemGroup>
</Project>