<?xml version="1.0" encoding="utf-8"?>
<Project ToolsVersion="4.0" xmlns="http://schemas.microsoft.com/developer/msbuild/2003">
  <ItemGroup>
    <Filter Include="소스 파일">
      <UniqueIdentifier>{4FC737F1-C7A5-4376-A066-2A32D752A2FF}</UniqueIdentifier>
      <Extensions>cpp;c;cc;cxx;c++;cppm;ixx;def;odl;idl;hpj;bat;asm;asmx</Extensions>
    </Filter>
    <Filter Include="헤더 파일">
      <UniqueIdentifier>{93995380-89BD-4b04-88EB-625FBE52EBFB}</UniqueIdentifier>
      <Extensions>h;hh;hpp;hxx;h++;hm;inl;inc;ipp;xsd</Extensions>
    </Filter>
    <Filter Include="리소스 파일">
      <UniqueIdentifier>{67DA6AB6-F800-4c08-8B7A-83BB121AAD01}</UniqueIdentifier>
      <Extensions>rc;ico;cur;bmp;dlg;rc2;rct;bin;rgs;gif;jpg;jpeg;jpe;resx;tiff;tif;png;wav;mfcribbon-ms</Extensions>
    </Filter>
  </ItemGroup>
  <ItemGroup>
    <ClCompile Include="001_ValueAssignment.cpp">
      <Filter>소스 파일</Filter>
    </ClCompile>
    <ClCompile Include="002_ArrayAssignment.cpp">
      <Filter>소스 파일</Filter>
    </ClCompile>
    <ClCompile Include="003_CopyCost_Primitive.cpp">
      <Filter>소스 파일</Filter>
    </ClCompile>
    <ClCompile Include="004_CopyCost_Array.cpp">
      <Filter>소스 파일</Filter>
    </ClCompile>
    <ClCompile Include="005_StoreVariableAddress.cpp">
      <Filter>소스 파일</Filter>
    </ClCompile>
    <ClCompile Include="006_PointerAccess_Array.cpp">
      <Filter>소스 파일</Filter>
    </ClCompile>
    <ClCompile Include="007_PointerTypeAndSize.cpp">
      <Filter>소스 파일</Filter>
    </ClCompile>
    <ClCompile Include="008_PointerCheckAddress.cpp">
      <Filter>소스 파일</Filter>
    </ClCompile>
    <ClCompile Include="009_PointerArithmeticAndDataSize.cpp">
      <Filter>소스 파일</Filter>
    </ClCompile>
    <ClCompile Include="010_PointerReadValue.cpp">
      <Filter>소스 파일</Filter>
    </ClCompile>
    <ClCompile Include="011_PointerWriteValue.cpp">
      <Filter>소스 파일</Filter>
    </ClCompile>
    <ClCompile Include="012_PointerAndVariableRelation.cpp">
      <Filter>소스 파일</Filter>
    </ClCompile>
    <ClCompile Include="013_InvalidPointerTypeProblem.cpp">
      <Filter>소스 파일</Filter>
    </ClCompile>
    <ClCompile Include="014_ProperPointerTypes.cpp">
      <Filter>소스 파일</Filter>
    </ClCompile>
    <ClCompile Include="015_PointerArithmetic.cpp">
      <Filter>소스 파일</Filter>
    </ClCompile>
    <ClCompile Include="016_InvalidPointerAccess.cpp">
      <Filter>소스 파일</Filter>
    </ClCompile>
    <ClCompile Include="017_NullptrSafeUsage.cpp">
      <Filter>소스 파일</Filter>
    </ClCompile>
    <ClCompile Include="018_ArrayBasics_IndexAccess.cpp">
      <Filter>소스 파일</Filter>
    </ClCompile>
    <ClCompile Include="019_PointerArrayAccess.cpp">
      <Filter>소스 파일</Filter>
    </ClCompile>
    <ClCompile Include="020_ArrayNameImmutability.cpp">
      <Filter>소스 파일</Filter>
    </ClCompile>
    <ClCompile Include="021_PointerArray.cpp">
      <Filter>소스 파일</Filter>
    </ClCompile>
    <ClCompile Include="022_ArrayPointer.cpp">
      <Filter>소스 파일</Filter>
    </ClCompile>
    <ClCompile Include="023_PointerArrayVsArrayPointer.cpp">
      <Filter>소스 파일</Filter>
    </ClCompile>
    <ClCompile Include="024_ArrayPointerInvalidExample.cpp">
      <Filter>소스 파일</Filter>
    </ClCompile>
    <ClCompile Include="000_solution.cpp">
      <Filter>소스 파일</Filter>
    </ClCompile>
    <ClCompile Include="025_BasicReference.cpp">
      <Filter>소스 파일</Filter>
    </ClCompile>
    <ClCompile Include="026_WrongReferenceUsage.cpp">
      <Filter>소스 파일</Filter>
    </ClCompile>
    <ClCompile Include="027_ReferenceDeclarationVSInitialization.cpp">
      <Filter>소스 파일</Filter>
    </ClCompile>
    <ClCompile Include="028_ReferenceNullptrAvailability.cpp">
      <Filter>소스 파일</Filter>
    </ClCompile>
    <ClCompile Include="029_PointerVSReferenceIndirection.cpp">
      <Filter>소스 파일</Filter>
    </ClCompile>
    <ClCompile Include="030_WrongReferenceExamples.cpp">
      <Filter>소스 파일</Filter>
    </ClCompile>
    <ClCompile Include="031_ConstReferenceBasic.cpp">
      <Filter>소스 파일</Filter>
    </ClCompile>
    <ClCompile Include="032_BadConstReferenceUsage.cpp">
      <Filter>소스 파일</Filter>
    </ClCompile>
    <ClCompile Include="033_ForwardReferenceAndRvalue.cpp">
      <Filter>소스 파일</Filter>
    </ClCompile>
    <ClCompile Include="034_ReferenceReturnLifetime.cpp">
      <Filter>소스 파일</Filter>
    </ClCompile>
    <ClCompile Include="035_Challenge1.cpp">
      <Filter>소스 파일</Filter>
    </ClCompile>
    <ClCompile Include="036_Challenge2.cpp">
      <Filter>소스 파일</Filter>
    </ClCompile>
    <ClCompile Include="037_Challenge3.cpp">
      <Filter>소스 파일</Filter>
    </ClCompile>
    <ClCompile Include="038_calculateAverage.cpp">
      <Filter>소스 파일</Filter>
    </ClCompile>
    <ClCompile Include="039_CallByValue.cpp">
      <Filter>소스 파일</Filter>
    </ClCompile>
    <ClCompile Include="040_CallByPointer.cpp">
      <Filter>소스 파일</Filter>
    </ClCompile>
    <ClCompile Include="041_CallByReference.cpp">
      <Filter>소스 파일</Filter>
    </ClCompile>
    <ClCompile Include="042_CallByPointer2.cpp">
      <Filter>소스 파일</Filter>
    </ClCompile>
  </ItemGroup>
  <ItemGroup>
    <ClInclude Include="000_solution.h">
      <Filter>헤더 파일</Filter>
    </ClInclude>
  </ItemGroup>
</Project>